
Microsoft Visual Studio Solution File, Format Version 12.00
# Visual Studio Version 17
VisualStudioVersion = 17.5.33516.290
MinimumVisualStudioVersion = 10.0.40219.1
Project("{FAE04EC0-301F-11D3-BF4B-00C04F79EFBC}") = "cs20_abxtractClass", "cs20_abxtractClass\cs20_abxtractClass.csproj", "{1648AC54-C8B2-44B3-84F0-C1D67D82B881}"
EndProject
Project("{FAE04EC0-301F-11D3-BF4B-00C04F79EFBC}") = "cs21_property", "cs21_property\cs21_property.csproj", "{7A16D6AB-6BB7-4C47-A09B-CAAAB97CDED8}"
EndProject
Project("{FAE04EC0-301F-11D3-BF4B-00C04F79EFBC}") = "cs22_collection", "cs22_collection\cs22_collection.csproj", "{AF50301F-66A1-461B-8C01-326973C0977C}"
EndProject
Global
	GlobalSection(SolutionConfigurationPlatforms) = preSolution
		Debug|Any CPU = Debug|Any CPU
		Release|Any CPU = Release|Any CPU
	EndGlobalSection
	GlobalSection(ProjectConfigurationPlatforms) = postSolution
		{1648AC54-C8B2-44B3-84F0-C1D67D82B881}.Debug|Any CPU.ActiveCfg = Debug|Any CPU
		{1648AC54-C8B2-44B3-84F0-C1D67D82B881}.Debug|Any CPU.Build.0 = Debug|Any CPU
		{1648AC54-C8B2-44B3-84F0-C1D67D82B881}.Release|Any CPU.ActiveCfg = Release|Any CPU
		{1648AC54-C8B2-44B3-84F0-C1D67D82B881}.Release|Any CPU.Build.0 = Release|Any CPU
		{7A16D6AB-6BB7-4C47-A09B-CAAAB97CDED8}.Debug|Any CPU.ActiveCfg = Debug|Any CPU
		{7A16D6AB-6BB7-4C47-A09B-CAAAB97CDED8}.Debug|Any CPU.Build.0 = Debug|Any CPU
		{7A16D6AB-6BB7-4C47-A09B-CAAAB97CDED8}.Release|Any CPU.ActiveCfg = Release|Any CPU
		{7A16D6AB-6BB7-4C47-A09B-CAAAB97CDED8}.Release|Any CPU.Build.0 = Release|Any CPU
		{AF50301F-66A1-461B-8C01-326973C0977C}.Debug|Any CPU.ActiveCfg = Debug|Any CPU
		{AF50301F-66A1-461B-8C01-326973C0977C}.Debug|Any CPU.Build.0 = Debug|Any CPU
		{AF50301F-66A1-461B-8C01-326973C0977C}.Release|Any CPU.ActiveCfg = Release|Any CPU
		{AF50301F-66A1-461B-8C01-326973C0977C}.Release|Any CPU.Build.0 = Release|Any CPU
	EndGlobalSection
	GlobalSection(SolutionProperties) = preSolution
		HideSolutionNode = FALSE
	EndGlobalSection
	GlobalSection(ExtensibilityGlobals) = postSolution
		SolutionGuid = {F17234A7-1EF8-4AC5-B4CC-2D6B95ABAA3E}
	EndGlobalSection
EndGlobal
