
Microsoft Visual Studio Solution File, Format Version 12.00
# Visual Studio Version 17
VisualStudioVersion = 17.5.33516.290
MinimumVisualStudioVersion = 10.0.40219.1
Project("{FAE04EC0-301F-11D3-BF4B-00C04F79EFBC}") = "cs02_characters", "cs02_characters\cs02_characters.csproj", "{58CC4637-4781-4BBE-B525-B47672339111}"
EndProject
Global
	GlobalSection(SolutionConfigurationPlatforms) = preSolution
		Debug|Any CPU = Debug|Any CPU
		Release|Any CPU = Release|Any CPU
	EndGlobalSection
	GlobalSection(ProjectConfigurationPlatforms) = postSolution
		{58CC4637-4781-4BBE-B525-B47672339111}.Debug|Any CPU.ActiveCfg = Debug|Any CPU
		{58CC4637-4781-4BBE-B525-B47672339111}.Debug|Any CPU.Build.0 = Debug|Any CPU
		{58CC4637-4781-4BBE-B525-B47672339111}.Release|Any CPU.ActiveCfg = Release|Any CPU
		{58CC4637-4781-4BBE-B525-B47672339111}.Release|Any CPU.Build.0 = Release|Any CPU
	EndGlobalSection
	GlobalSection(SolutionProperties) = preSolution
		HideSolutionNode = FALSE
	EndGlobalSection
	GlobalSection(ExtensibilityGlobals) = postSolution
		SolutionGuid = {34A18F76-1F67-45DC-9573-F2E2F8D5C1E0}
	EndGlobalSection
EndGlobal
