
Microsoft Visual Studio Solution File, Format Version 12.00
# Visual Studio Version 17
VisualStudioVersion = 17.5.33516.290
MinimumVisualStudioVersion = 10.0.40219.1
Project("{FAE04EC0-301F-11D3-BF4B-00C04F79EFBC}") = "wf09_dbHandling", "wf09_dbHandling\wf09_dbHandling.csproj", "{D2AD8EB1-928A-4D60-A03C-F81CC2905E9E}"
EndProject
Project("{FAE04EC0-301F-11D3-BF4B-00C04F79EFBC}") = "wf10_mysqlDBHandling", "wf10_mysqlDBHandling\wf10_mysqlDBHandling.csproj", "{F4DA7A31-FB9E-46D2-8A20-3F289842ABC3}"
EndProject
Global
	GlobalSection(SolutionConfigurationPlatforms) = preSolution
		Debug|Any CPU = Debug|Any CPU
		Release|Any CPU = Release|Any CPU
	EndGlobalSection
	GlobalSection(ProjectConfigurationPlatforms) = postSolution
		{D2AD8EB1-928A-4D60-A03C-F81CC2905E9E}.Debug|Any CPU.ActiveCfg = Debug|Any CPU
		{D2AD8EB1-928A-4D60-A03C-F81CC2905E9E}.Debug|Any CPU.Build.0 = Debug|Any CPU
		{D2AD8EB1-928A-4D60-A03C-F81CC2905E9E}.Release|Any CPU.ActiveCfg = Release|Any CPU
		{D2AD8EB1-928A-4D60-A03C-F81CC2905E9E}.Release|Any CPU.Build.0 = Release|Any CPU
		{F4DA7A31-FB9E-46D2-8A20-3F289842ABC3}.Debug|Any CPU.ActiveCfg = Debug|Any CPU
		{F4DA7A31-FB9E-46D2-8A20-3F289842ABC3}.Debug|Any CPU.Build.0 = Debug|Any CPU
		{F4DA7A31-FB9E-46D2-8A20-3F289842ABC3}.Release|Any CPU.ActiveCfg = Release|Any CPU
		{F4DA7A31-FB9E-46D2-8A20-3F289842ABC3}.Release|Any CPU.Build.0 = Release|Any CPU
	EndGlobalSection
	GlobalSection(SolutionProperties) = preSolution
		HideSolutionNode = FALSE
	EndGlobalSection
	GlobalSection(ExtensibilityGlobals) = postSolution
		SolutionGuid = {815CB39D-D737-4725-84DF-142BC131A169}
	EndGlobalSection
EndGlobal
