
Microsoft Visual Studio Solution File, Format Version 12.00
# Visual Studio Version 17
VisualStudioVersion = 17.5.33516.290
MinimumVisualStudioVersion = 10.0.40219.1
Project("{FAE04EC0-301F-11D3-BF4B-00C04F79EFBC}") = "d1_variable", "d1_variable\d1_variable.csproj", "{67D9A2AA-BC81-406D-B883-DAE88B2AA080}"
EndProject
Global
	GlobalSection(SolutionConfigurationPlatforms) = preSolution
		Debug|Any CPU = Debug|Any CPU
		Release|Any CPU = Release|Any CPU
	EndGlobalSection
	GlobalSection(ProjectConfigurationPlatforms) = postSolution
		{67D9A2AA-BC81-406D-B883-DAE88B2AA080}.Debug|Any CPU.ActiveCfg = Debug|Any CPU
		{67D9A2AA-BC81-406D-B883-DAE88B2AA080}.Debug|Any CPU.Build.0 = Debug|Any CPU
		{67D9A2AA-BC81-406D-B883-DAE88B2AA080}.Release|Any CPU.ActiveCfg = Release|Any CPU
		{67D9A2AA-BC81-406D-B883-DAE88B2AA080}.Release|Any CPU.Build.0 = Release|Any CPU
	EndGlobalSection
	GlobalSection(SolutionProperties) = preSolution
		HideSolutionNode = FALSE
	EndGlobalSection
	GlobalSection(ExtensibilityGlobals) = postSolution
		SolutionGuid = {14FC28C4-21B6-423F-98C3-6BD946F5B93E}
	EndGlobalSection
EndGlobal
