
Microsoft Visual Studio Solution File, Format Version 12.00
# Visual Studio Version 17
VisualStudioVersion = 17.5.33516.290
MinimumVisualStudioVersion = 10.0.40219.1
Project("{FAE04EC0-301F-11D3-BF4B-00C04F79EFBC}") = "wf14_winformsThread", "wf14_winformsThread\wf14_winformsThread.csproj", "{08FA4D40-07CE-41B6-8B2E-323A4BC3BA18}"
EndProject
Project("{FAE04EC0-301F-11D3-BF4B-00C04F79EFBC}") = "wf13_bookrentalshop", "wf13_bookrentalshop\wf13_bookrentalshop.csproj", "{974744F5-722B-4DFD-9CB1-8080BBEFEE5B}"
EndProject
Global
	GlobalSection(SolutionConfigurationPlatforms) = preSolution
		Debug|Any CPU = Debug|Any CPU
		Release|Any CPU = Release|Any CPU
	EndGlobalSection
	GlobalSection(ProjectConfigurationPlatforms) = postSolution
		{08FA4D40-07CE-41B6-8B2E-323A4BC3BA18}.Debug|Any CPU.ActiveCfg = Debug|Any CPU
		{08FA4D40-07CE-41B6-8B2E-323A4BC3BA18}.Debug|Any CPU.Build.0 = Debug|Any CPU
		{08FA4D40-07CE-41B6-8B2E-323A4BC3BA18}.Release|Any CPU.ActiveCfg = Release|Any CPU
		{08FA4D40-07CE-41B6-8B2E-323A4BC3BA18}.Release|Any CPU.Build.0 = Release|Any CPU
		{974744F5-722B-4DFD-9CB1-8080BBEFEE5B}.Debug|Any CPU.ActiveCfg = Debug|Any CPU
		{974744F5-722B-4DFD-9CB1-8080BBEFEE5B}.Debug|Any CPU.Build.0 = Debug|Any CPU
		{974744F5-722B-4DFD-9CB1-8080BBEFEE5B}.Release|Any CPU.ActiveCfg = Release|Any CPU
		{974744F5-722B-4DFD-9CB1-8080BBEFEE5B}.Release|Any CPU.Build.0 = Release|Any CPU
	EndGlobalSection
	GlobalSection(SolutionProperties) = preSolution
		HideSolutionNode = FALSE
	EndGlobalSection
	GlobalSection(ExtensibilityGlobals) = postSolution
		SolutionGuid = {2BDE7AA8-103F-4EB4-851F-D54F6AA25527}
	EndGlobalSection
EndGlobal
