
Microsoft Visual Studio Solution File, Format Version 12.00
# Visual Studio Version 17
VisualStudioVersion = 17.5.33516.290
MinimumVisualStudioVersion = 10.0.40219.1
Project("{FAE04EC0-301F-11D3-BF4B-00C04F79EFBC}") = "cs09_nullConditions", "cs09_nullConditions\cs09_nullConditions.csproj", "{D80944C5-647E-47EB-93E1-199039D0D121}"
EndProject
Global
	GlobalSection(SolutionConfigurationPlatforms) = preSolution
		Debug|Any CPU = Debug|Any CPU
		Release|Any CPU = Release|Any CPU
	EndGlobalSection
	GlobalSection(ProjectConfigurationPlatforms) = postSolution
		{D80944C5-647E-47EB-93E1-199039D0D121}.Debug|Any CPU.ActiveCfg = Debug|Any CPU
		{D80944C5-647E-47EB-93E1-199039D0D121}.Debug|Any CPU.Build.0 = Debug|Any CPU
		{D80944C5-647E-47EB-93E1-199039D0D121}.Release|Any CPU.ActiveCfg = Release|Any CPU
		{D80944C5-647E-47EB-93E1-199039D0D121}.Release|Any CPU.Build.0 = Release|Any CPU
	EndGlobalSection
	GlobalSection(SolutionProperties) = preSolution
		HideSolutionNode = FALSE
	EndGlobalSection
	GlobalSection(ExtensibilityGlobals) = postSolution
		SolutionGuid = {C2F0A01C-35DB-467A-A7B3-F0C4F2FC242C}
	EndGlobalSection
EndGlobal
